
Microsoft Visual Studio Solution File, Format Version 12.00
# Visual Studio Version 17
VisualStudioVersion = 17.8.34511.84
MinimumVisualStudioVersion = 10.0.40219.1
Project("{FAE04EC0-301F-11D3-BF4B-00C04F79EFBC}") = "OOP .  class task", "OOP .  class task\OOP .  class task.csproj", "{70545D83-3D29-40A2-AE13-D4DC92F7E2A8}"
EndProject
Global
	GlobalSection(SolutionConfigurationPlatforms) = preSolution
		Debug|Any CPU = Debug|Any CPU
		Release|Any CPU = Release|Any CPU
	EndGlobalSection
	GlobalSection(ProjectConfigurationPlatforms) = postSolution
		{70545D83-3D29-40A2-AE13-D4DC92F7E2A8}.Debug|Any CPU.ActiveCfg = Debug|Any CPU
		{70545D83-3D29-40A2-AE13-D4DC92F7E2A8}.Debug|Any CPU.Build.0 = Debug|Any CPU
		{70545D83-3D29-40A2-AE13-D4DC92F7E2A8}.Release|Any CPU.ActiveCfg = Release|Any CPU
		{70545D83-3D29-40A2-AE13-D4DC92F7E2A8}.Release|Any CPU.Build.0 = Release|Any CPU
	EndGlobalSection
	GlobalSection(SolutionProperties) = preSolution
		HideSolutionNode = FALSE
	EndGlobalSection
	GlobalSection(ExtensibilityGlobals) = postSolution
		SolutionGuid = {B8AC1936-9C00-4A5D-BA01-8B797A9D6A2C}
	EndGlobalSection
EndGlobal
